Microsoft Visual Studio Solution File, Format Version 12.00
# Visual Studio Version 17
VisualStudioVersion = 17.0.31903.59
MinimumVisualStudioVersion = 10.0.40219.1
Project("{FAE04EC0-301F-11D3-BF4B-00C04F79EFBC}") = "TennisClubSaaS.Api", "TennisClubSaaS.Api\TennisClubSaaS.Api.csproj", "{1A4F64B1-846B-4B33-A1E8-AE2C3B11E001}"
EndProject
Project("{FAE04EC0-301F-11D3-BF4B-00C04F79EFBC}") = "TennisClubSaaS.Application", "TennisClubSaaS.Application\TennisClubSaaS.Application.csproj", "{1A4F64B1-846B-4B33-A1E8-AE2C3B11E002}"
EndProject
Project("{FAE04EC0-301F-11D3-BF4B-00C04F79EFBC}") = "TennisClubSaaS.Domain", "TennisClubSaaS.Domain\TennisClubSaaS.Domain.csproj", "{1A4F64B1-846B-4B33-A1E8-AE2C3B11E003}"
EndProject
Project("{FAE04EC0-301F-11D3-BF4B-00C04F79EFBC}") = "TennisClubSaaS.Infrastructure", "TennisClubSaaS.Infrastructure\TennisClubSaaS.Infrastructure.csproj", "{1A4F64B1-846B-4B33-A1E8-AE2C3B11E004}"
EndProject
Global
	GlobalSection(SolutionConfigurationPlatforms) = preSolution
		Debug|Any CPU = Debug|Any CPU
		Release|Any CPU = Release|Any CPU
	EndGlobalSection
	GlobalSection(ProjectConfigurationPlatforms) = postSolution
		{1A4F64B1-846B-4B33-A1E8-AE2C3B11E001}.Debug|Any CPU.ActiveCfg = Debug|Any CPU
		{1A4F64B1-846B-4B33-A1E8-AE2C3B11E001}.Debug|Any CPU.Build.0 = Debug|Any CPU
		{1A4F64B1-846B-4B33-A1E8-AE2C3B11E001}.Release|Any CPU.ActiveCfg = Release|Any CPU
		{1A4F64B1-846B-4B33-A1E8-AE2C3B11E001}.Release|Any CPU.Build.0 = Release|Any CPU
		{1A4F64B1-846B-4B33-A1E8-AE2C3B11E002}.Debug|Any CPU.ActiveCfg = Debug|Any CPU
		{1A4F64B1-846B-4B33-A1E8-AE2C3B11E002}.Debug|Any CPU.Build.0 = Debug|Any CPU
		{1A4F64B1-846B-4B33-A1E8-AE2C3B11E002}.Release|Any CPU.ActiveCfg = Release|Any CPU
		{1A4F64B1-846B-4B33-A1E8-AE2C3B11E002}.Release|Any CPU.Build.0 = Release|Any CPU
		{1A4F64B1-846B-4B33-A1E8-AE2C3B11E003}.Debug|Any CPU.ActiveCfg = Debug|Any CPU
		{1A4F64B1-846B-4B33-A1E8-AE2C3B11E003}.Debug|Any CPU.Build.0 = Debug|Any CPU
		{1A4F64B1-846B-4B33-A1E8-AE2C3B11E003}.Release|Any CPU.ActiveCfg = Release|Any CPU
		{1A4F64B1-846B-4B33-A1E8-AE2C3B11E003}.Release|Any CPU.Build.0 = Release|Any CPU
		{1A4F64B1-846B-4B33-A1E8-AE2C3B11E004}.Debug|Any CPU.ActiveCfg = Debug|Any CPU
		{1A4F64B1-846B-4B33-A1E8-AE2C3B11E004}.Debug|Any CPU.Build.0 = Debug|Any CPU
		{1A4F64B1-846B-4B33-A1E8-AE2C3B11E004}.Release|Any CPU.ActiveCfg = Release|Any CPU
		{1A4F64B1-846B-4B33-A1E8-AE2C3B11E004}.Release|Any CPU.Build.0 = Release|Any CPU
	EndGlobalSection
EndGlobal
